
Microsoft Visual Studio Solution File, Format Version 12.00
# Visual Studio Version 17
VisualStudioVersion = 17.11.35303.130
MinimumVisualStudioVersion = 10.0.40219.1
Project("{9A19103F-16F7-4668-BE54-9A1E7A4F7556}") = "e-Scrap", "e-Scrap\e-Scrap\e-Scrap.csproj", "{07FDA9BB-ADD3-48AE-B173-9E9E2933C4BC}"
EndProject
Project("{9A19103F-16F7-4668-BE54-9A1E7A4F7556}") = "e-Scrap.Client", "e-Scrap\e-Scrap.Client\e-Scrap.Client.csproj", "{438482F1-5FD3-4E5B-AD77-ED9382EC91F6}"
EndProject
Project("{9A19103F-16F7-4668-BE54-9A1E7A4F7556}") = "e_Scrap.Test", "e_Scrap.Test\e_Scrap.Test.csproj", "{8FB0CB38-96CB-4EB5-A01E-3ECDA14652B4}"
EndProject
Global
	GlobalSection(SolutionConfigurationPlatforms) = preSolution
		Debug|Any CPU = Debug|Any CPU
		Release|Any CPU = Release|Any CPU
	EndGlobalSection
	GlobalSection(ProjectConfigurationPlatforms) = postSolution
		{07FDA9BB-ADD3-48AE-B173-9E9E2933C4BC}.Debug|Any CPU.ActiveCfg = Debug|Any CPU
		{07FDA9BB-ADD3-48AE-B173-9E9E2933C4BC}.Debug|Any CPU.Build.0 = Debug|Any CPU
		{07FDA9BB-ADD3-48AE-B173-9E9E2933C4BC}.Release|Any CPU.ActiveCfg = Release|Any CPU
		{07FDA9BB-ADD3-48AE-B173-9E9E2933C4BC}.Release|Any CPU.Build.0 = Release|Any CPU
		{438482F1-5FD3-4E5B-AD77-ED9382EC91F6}.Debug|Any CPU.ActiveCfg = Debug|Any CPU
		{438482F1-5FD3-4E5B-AD77-ED9382EC91F6}.Debug|Any CPU.Build.0 = Debug|Any CPU
		{438482F1-5FD3-4E5B-AD77-ED9382EC91F6}.Release|Any CPU.ActiveCfg = Release|Any CPU
		{438482F1-5FD3-4E5B-AD77-ED9382EC91F6}.Release|Any CPU.Build.0 = Release|Any CPU
		{8FB0CB38-96CB-4EB5-A01E-3ECDA14652B4}.Debug|Any CPU.ActiveCfg = Debug|Any CPU
		{8FB0CB38-96CB-4EB5-A01E-3ECDA14652B4}.Debug|Any CPU.Build.0 = Debug|Any CPU
		{8FB0CB38-96CB-4EB5-A01E-3ECDA14652B4}.Release|Any CPU.ActiveCfg = Release|Any CPU
		{8FB0CB38-96CB-4EB5-A01E-3ECDA14652B4}.Release|Any CPU.Build.0 = Release|Any CPU
	EndGlobalSection
	GlobalSection(SolutionProperties) = preSolution
		HideSolutionNode = FALSE
	EndGlobalSection
	GlobalSection(ExtensibilityGlobals) = postSolution
		SolutionGuid = {40D5E0CE-4798-4EC0-A080-7807FE74E2BB}
	EndGlobalSection
EndGlobal
